
Microsoft Visual Studio Solution File, Format Version 12.00
# Visual Studio Version 17
VisualStudioVersion = 17.2.32630.192
MinimumVisualStudioVersion = 10.0.40219.1
Project("{888888A0-9F3D-457C-B088-3A5042F75D52}") = "Shipping app", "Shipping app.pyproj", "{67AE04E5-C6C8-489E-8636-D5B794C6ABCD}"
EndProject
Global
	GlobalSection(SolutionConfigurationPlatforms) = preSolution
		Debug|Any CPU = Debug|Any CPU
		Release|Any CPU = Release|Any CPU
	EndGlobalSection
	GlobalSection(ProjectConfigurationPlatforms) = postSolution
		{67AE04E5-C6C8-489E-8636-D5B794C6ABCD}.Debug|Any CPU.ActiveCfg = Debug|Any CPU
		{67AE04E5-C6C8-489E-8636-D5B794C6ABCD}.Release|Any CPU.ActiveCfg = Release|Any CPU
	EndGlobalSection
	GlobalSection(SolutionProperties) = preSolution
		HideSolutionNode = FALSE
	EndGlobalSection
	GlobalSection(ExtensibilityGlobals) = postSolution
		SolutionGuid = {A59ED3DD-3B67-4E9C-9974-82835199A219}
	EndGlobalSection
EndGlobal
